{
    "_readme": [
        "This file locks the dependencies of your project to a known state",
        "Read more about it at https://getcomposer.org/doc/01-basic-usage.md#installing-dependencies",
        "This file is @generated automatically"
    ],
    "content-hash": "b50350daa4ee9c3026d81021709e2ee1",
    "packages": [
        {
            "name": "datagutten/amb-laptimes",
            "version": "dev-php",
            "source": {
                "type": "git",
                "url": "https://github.com/datagutten/rc-laptimes.git",
                "reference": "3300b3d2e78d0a9d4af4d3b3d2b5d40f4a32da72"
            },
            "dist": {
                "type": "zip",
                "url": "https://api.github.com/repos/datagutten/rc-laptimes/zipball/3300b3d2e78d0a9d4af4d3b3d2b5d40f4a32da72",
                "reference": "3300b3d2e78d0a9d4af4d3b3d2b5d40f4a32da72",
                "shasum": ""
            },
            "require": {
                "datagutten/amb-p3-parser": "^2.1",
                "datagutten/tools": "^1.9",
                "ext-dom": "*",
                "ext-json": "*",
                "ext-pdo": "*",
                "ext-simplexml": "*",
                "php": ">=7.3",
                "rmccue/requests": "^2.0"
            },
            "require-dev": {
                "phpunit/phpunit": "^9",
                "symfony/filesystem": "^5.3|^6.0"
            },
            "bin": [
                "scripts/passing_saver"
            ],
            "type": "project",
            "autoload": {
                "psr-4": {
                    "datagutten\\amb\\laps\\": "src"
                }
            },
            "notification-url": "https://packagist.org/downloads/",
            "license": [
                "GPL-3.0-or-later"
            ],
            "authors": [
                {
                    "name": "datagutten",
                    "email": "datagutten@datagutten.net"
                }
            ],
            "description": "A tool to save passings from a AMB/MyLaps decoder and calculate lap times",
            "support": {
                "issues": "https://github.com/datagutten/rc-laptimes/issues",
                "source": "https://github.com/datagutten/rc-laptimes/tree/php"
            },
            "time": "2025-08-19T08:10:38+00:00"
        },
        {
            "name": "datagutten/amb-p3-parser",
            "version": "v2.1",
            "source": {
                "type": "git",
                "url": "https://github.com/datagutten/amb-p3-parser.git",
                "reference": "c77404147c16d8bf82f6a77dc305f7ec6e4db7e1"
            },
            "dist": {
                "type": "zip",
                "url": "https://api.github.com/repos/datagutten/amb-p3-parser/zipball/c77404147c16d8bf82f6a77dc305f7ec6e4db7e1",
                "reference": "c77404147c16d8bf82f6a77dc305f7ec6e4db7e1",
                "shasum": ""
            },
            "require": {
                "ext-sockets": "*",
                "php": ">=7.1"
            },
            "require-dev": {
                "phpunit/phpunit": "^9|^8|^7.5",
                "symfony/process": "^3|^4|^5.0"
            },
            "bin": [
                "scripts/parse_file.php"
            ],
            "type": "library",
            "autoload": {
                "psr-4": {
                    "datagutten\\amb\\parser\\": "src"
                }
            },
            "notification-url": "https://packagist.org/downloads/",
            "license": [
                "GPL-3.0-or-later"
            ],
            "authors": [
                {
                    "name": "datagutten",
                    "email": "datagutten@datagutten.net"
                }
            ],
            "description": "A PHP class to parse the AMB/MyLaps P3 protocol",
            "support": {
                "issues": "https://github.com/datagutten/amb-p3-parser/issues",
                "source": "https://github.com/datagutten/amb-p3-parser/tree/v2.1"
            },
            "time": "2022-05-01T13:22:45+00:00"
        },
        {
            "name": "datagutten/tools",
            "version": "v1.14",
            "source": {
                "type": "git",
                "url": "https://github.com/datagutten/tools.git",
                "reference": "5fe9cc6b9e823b996c459a00e8bc33fb11fbd377"
            },
            "dist": {
                "type": "zip",
                "url": "https://api.github.com/repos/datagutten/tools/zipball/5fe9cc6b9e823b996c459a00e8bc33fb11fbd377",
                "reference": "5fe9cc6b9e823b996c459a00e8bc33fb11fbd377",
                "shasum": ""
            },
            "require": {
                "php": ">=7.1"
            },
            "require-dev": {
                "phpunit/phpunit": "^9",
                "symfony/filesystem": "^5.0|^4|^3"
            },
            "type": "library",
            "autoload": {
                "files": [
                    "filnavn.php"
                ],
                "psr-4": {
                    "datagutten\\tools\\": "src",
                    "datagutten\\tools\\color\\": "color",
                    "datagutten\\tools\\files\\": "files"
                },
                "classmap": [
                    "dependcheck.php",
                    "FileNotFoundException.php",
                    "DOMDocument_createElement_simple.php"
                ]
            },
            "notification-url": "https://packagist.org/downloads/",
            "license": [
                "GPL-3.0-or-later"
            ],
            "description": "Tools used in my projects",
            "support": {
                "issues": "https://github.com/datagutten/tools/issues",
                "source": "https://github.com/datagutten/tools/tree/v1.14"
            },
            "time": "2026-03-22T10:51:31+00:00"
        },
        {
            "name": "rmccue/requests",
            "version": "v2.0.20",
            "source": {
                "type": "git",
                "url": "https://github.com/WordPress/Requests.git",
                "reference": "c379f928584da604287bcb102ea52c0751a66584"
            },
            "dist": {
                "type": "zip",
                "url": "https://api.github.com/repos/WordPress/Requests/zipball/c379f928584da604287bcb102ea52c0751a66584",
                "reference": "c379f928584da604287bcb102ea52c0751a66584",
                "shasum": ""
            },
            "require": {
                "ext-json": "*",
                "php": ">=5.6"
            },
            "require-dev": {
                "php-parallel-lint/php-console-highlighter": "^0.5.0",
                "php-parallel-lint/php-parallel-lint": "^1.4.0",
                "phpcompatibility/php-compatibility": "^10.0.0@dev",
                "requests/test-server": "dev-main",
                "wp-coding-standards/wpcs": "^3.1",
                "yoast/phpunit-polyfills": "^1.1.5"
            },
            "suggest": {
                "art4/requests-psr18-adapter": "For using Requests as a PSR-18 HTTP Client",
                "ext-curl": "For improved performance",
                "ext-openssl": "For secure transport support",
                "ext-zlib": "For improved performance when decompressing encoded streams"
            },
            "type": "library",
            "autoload": {
                "files": [
                    "library/Deprecated.php"
                ],
                "psr-4": {
                    "WpOrg\\Requests\\": "src/"
                },
                "classmap": [
                    "library/Requests.php"
                ]
            },
            "notification-url": "https://packagist.org/downloads/",
            "license": [
                "ISC"
            ],
            "authors": [
                {
                    "name": "Ryan McCue",
                    "homepage": "https://rmccue.io/"
                },
                {
                    "name": "Alain Schlesser",
                    "homepage": "https://github.com/schlessera"
                },
                {
                    "name": "Juliette Reinders Folmer",
                    "homepage": "https://github.com/jrfnl"
                },
                {
                    "name": "Contributors",
                    "homepage": "https://github.com/WordPress/Requests/graphs/contributors"
                }
            ],
            "description": "A HTTP library written in PHP, for human beings.",
            "homepage": "https://requests.ryanmccue.info/",
            "keywords": [
                "curl",
                "fsockopen",
                "http",
                "idna",
                "ipv6",
                "iri",
                "sockets"
            ],
            "support": {
                "docs": "https://requests.ryanmccue.info/",
                "issues": "https://github.com/WordPress/Requests/issues",
                "source": "https://github.com/WordPress/Requests"
            },
            "time": "2026-08-31T09:07:24+00:00"
        },
        {
            "name": "symfony/deprecation-contracts",
            "version": "v3.7.1",
            "source": {
                "type": "git",
                "url": "https://github.com/symfony/deprecation-contracts.git",
                "reference": "f3202fa1b5097b0af062dc978b32ecf63404e31d"
            },
            "dist": {
                "type": "zip",
                "url": "https://api.github.com/repos/symfony/deprecation-contracts/zipball/f3202fa1b5097b0af062dc978b32ecf63404e31d",
                "reference": "f3202fa1b5097b0af062dc978b32ecf63404e31d",
                "shasum": ""
            },
            "require": {
                "php": ">=8.1"
            },
            "type": "library",
            "extra": {
                "thanks": {
                    "url": "https://github.com/symfony/contracts",
                    "name": "symfony/contracts"
                },
                "branch-alias": {
                    "dev-main": "3.7-dev"
                }
            },
            "autoload": {
                "files": [
                    "function.php"
                ]
            },
            "notification-url": "https://packagist.org/downloads/",
            "license": [
                "MIT"
            ],
            "authors": [
                {
                    "name": "Nicolas Grekas",
                    "email": "p@tchwork.com"
                },
                {
                    "name": "Symfony Community",
                    "homepage": "https://symfony.com/contributors"
                }
            ],
            "description": "A generic function and convention to trigger deprecation notices",
            "homepage": "https://symfony.com",
            "support": {
                "source": "https://github.com/symfony/deprecation-contracts/tree/v3.7.1"
            },
            "funding": [
                {
                    "url": "https://symfony.com/sponsor",
                    "type": "custom"
                },
                {
                    "url": "https://github.com/fabpot",
                    "type": "github"
                },
                {
                    "url": "https://github.com/nicolas-grekas",
                    "type": "github"
                },
                {
                    "url": "https://tidelift.com/funding/github/packagist/symfony/symfony",
                    "type": "tidelift"
                }
            ],
            "time": "2026-06-05T06:23:12+00:00"
        },
        {
            "name": "symfony/filesystem",
            "version": "v5.4.45",
            "source": {
                "type": "git",
                "url": "https://github.com/symfony/filesystem.git",
                "reference": "57c8294ed37d4a055b77057827c67f9558c95c54"
            },
            "dist": {
                "type": "zip",
                "url": "https://api.github.com/repos/symfony/filesystem/zipball/57c8294ed37d4a055b77057827c67f9558c95c54",
                "reference": "57c8294ed37d4a055b77057827c67f9558c95c54",
                "shasum": ""
            },
            "require": {
                "php": ">=7.2.5",
                "symfony/polyfill-ctype": "~1.8",
                "symfony/polyfill-mbstring": "~1.8",
                "symfony/polyfill-php80": "^1.16"
            },
            "require-dev": {
                "symfony/process": "^5.4|^6.4"
            },
            "type": "library",
            "autoload": {
                "psr-4": {
                    "Symfony\\Component\\Filesystem\\": ""
                },
                "exclude-from-classmap": [
                    "/Tests/"
                ]
            },
            "notification-url": "https://packagist.org/downloads/",
            "license": [
                "MIT"
            ],
            "authors": [
                {
                    "name": "Fabien Potencier",
                    "email": "fabien@symfony.com"
                },
                {
                    "name": "Symfony Community",
                    "homepage": "https://symfony.com/contributors"
                }
            ],
            "description": "Provides basic utilities for the filesystem",
            "homepage": "https://symfony.com",
            "support": {
                "source": "https://github.com/symfony/filesystem/tree/v5.4.45"
            },
            "funding": [
                {
                    "url": "https://symfony.com/sponsor",
                    "type": "custom"
                },
                {
                    "url": "https://github.com/fabpot",
                    "type": "github"
                },
                {
                    "url": "https://tidelift.com/funding/github/packagist/symfony/symfony",
                    "type": "tidelift"
                }
            ],
            "time": "2024-10-22T13:05:35+00:00"
        },
        {
            "name": "symfony/polyfill-ctype",
            "version": "v1.37.0",
            "source": {
                "type": "git",
                "url": "https://github.com/symfony/polyfill-ctype.git",
                "reference": "141046a8f9477948ff284fa65be2095baafb94f2"
            },
            "dist": {
                "type": "zip",
                "url": "https://api.github.com/repos/symfony/polyfill-ctype/zipball/141046a8f9477948ff284fa65be2095baafb94f2",
                "reference": "141046a8f9477948ff284fa65be2095baafb94f2",
                "shasum": ""
            },
            "require": {
                "php": ">=7.2"
            },
            "provide": {
                "ext-ctype": "*"
            },
            "suggest": {
                "ext-ctype": "For best performance"
            },
            "type": "library",
            "extra": {
                "thanks": {
                    "url": "https://github.com/symfony/polyfill",
                    "name": "symfony/polyfill"
                }
            },
            "autoload": {
                "files": [
                    "bootstrap.php"
                ],
                "psr-4": {
                    "Symfony\\Polyfill\\Ctype\\": ""
                }
            },
            "notification-url": "https://packagist.org/downloads/",
            "license": [
                "MIT"
            ],
            "authors": [
                {
                    "name": "Gert de Pagter",
                    "email": "BackEndTea@gmail.com"
                },
                {
                    "name": "Symfony Community",
                    "homepage": "https://symfony.com/contributors"
                }
            ],
            "description": "Symfony polyfill for ctype functions",
            "homepage": "https://symfony.com",
            "keywords": [
                "compatibility",
                "ctype",
                "polyfill",
                "portable"
            ],
            "support": {
                "source": "https://github.com/symfony/polyfill-ctype/tree/v1.37.0"
            },
            "funding": [
                {
                    "url": "https://symfony.com/sponsor",
                    "type": "custom"
                },
                {
                    "url": "https://github.com/fabpot",
                    "type": "github"
                },
                {
                    "url": "https://github.com/nicolas-grekas",
                    "type": "github"
                },
                {
                    "url": "https://tidelift.com/funding/github/packagist/symfony/symfony",
                    "type": "tidelift"
                }
            ],
            "time": "2026-04-10T16:19:22+00:00"
        },
        {
            "name": "symfony/polyfill-mbstring",
            "version": "v1.38.2",
            "source": {
                "type": "git",
                "url": "https://github.com/symfony/polyfill-mbstring.git",
                "reference": "d3d318bad5e7a1bfbd026009c8bfb8d8f99ae6b6"
            },
            "dist": {
                "type": "zip",
                "url": "https://api.github.com/repos/symfony/polyfill-mbstring/zipball/d3d318bad5e7a1bfbd026009c8bfb8d8f99ae6b6",
                "reference": "d3d318bad5e7a1bfbd026009c8bfb8d8f99ae6b6",
                "shasum": ""
            },
            "require": {
                "ext-iconv": "*",
                "php": ">=7.2"
            },
            "provide": {
                "ext-mbstring": "*"
            },
            "suggest": {
                "ext-mbstring": "For best performance"
            },
            "type": "library",
            "extra": {
                "thanks": {
                    "url": "https://github.com/symfony/polyfill",
                    "name": "symfony/polyfill"
                }
            },
            "autoload": {
                "files": [
                    "bootstrap.php"
                ],
                "psr-4": {
                    "Symfony\\Polyfill\\Mbstring\\": ""
                }
            },
            "notification-url": "https://packagist.org/downloads/",
            "license": [
                "MIT"
            ],
            "authors": [
                {
                    "name": "Nicolas Grekas",
                    "email": "p@tchwork.com"
                },
                {
                    "name": "Symfony Community",
                    "homepage": "https://symfony.com/contributors"
                }
            ],
            "description": "Symfony polyfill for the Mbstring extension",
            "homepage": "https://symfony.com",
            "keywords": [
                "compatibility",
                "mbstring",
                "polyfill",
                "portable",
                "shim"
            ],
            "support": {
                "source": "https://github.com/symfony/polyfill-mbstring/tree/v1.38.2"
            },
            "funding": [
                {
                    "url": "https://symfony.com/sponsor",
                    "type": "custom"
                },
                {
                    "url": "https://github.com/fabpot",
                    "type": "github"
                },
                {
                    "url": "https://github.com/nicolas-grekas",
                    "type": "github"
                },
                {
                    "url": "https://tidelift.com/funding/github/packagist/symfony/symfony",
                    "type": "tidelift"
                }
            ],
            "time": "2026-05-27T06:59:30+00:00"
        },
        {
            "name": "symfony/polyfill-php80",
            "version": "v1.37.0",
            "source": {
                "type": "git",
                "url": "https://github.com/symfony/polyfill-php80.git",
                "reference": "dfb55726c3a76ea3b6459fcfda1ec2d80a682411"
            },
            "dist": {
                "type": "zip",
                "url": "https://api.github.com/repos/symfony/polyfill-php80/zipball/dfb55726c3a76ea3b6459fcfda1ec2d80a682411",
                "reference": "dfb55726c3a76ea3b6459fcfda1ec2d80a682411",
                "shasum": ""
            },
            "require": {
                "php": ">=7.2"
            },
            "type": "library",
            "extra": {
                "thanks": {
                    "url": "https://github.com/symfony/polyfill",
                    "name": "symfony/polyfill"
                }
            },
            "autoload": {
                "files": [
                    "bootstrap.php"
                ],
                "psr-4": {
                    "Symfony\\Polyfill\\Php80\\": ""
                },
                "classmap": [
                    "Resources/stubs"
                ]
            },
            "notification-url": "https://packagist.org/downloads/",
            "license": [
                "MIT"
            ],
            "authors": [
                {
                    "name": "Ion Bazan",
                    "email": "ion.bazan@gmail.com"
                },
                {
                    "name": "Nicolas Grekas",
                    "email": "p@tchwork.com"
                },
                {
                    "name": "Symfony Community",
                    "homepage": "https://symfony.com/contributors"
                }
            ],
            "description": "Symfony polyfill backporting some PHP 8.0+ features to lower PHP versions",
            "homepage": "https://symfony.com",
            "keywords": [
                "compatibility",
                "polyfill",
                "portable",
                "shim"
            ],
            "support": {
                "source": "https://github.com/symfony/polyfill-php80/tree/v1.37.0"
            },
            "funding": [
                {
                    "url": "https://symfony.com/sponsor",
                    "type": "custom"
                },
                {
                    "url": "https://github.com/fabpot",
                    "type": "github"
                },
                {
                    "url": "https://github.com/nicolas-grekas",
                    "type": "github"
                },
                {
                    "url": "https://tidelift.com/funding/github/packagist/symfony/symfony",
                    "type": "tidelift"
                }
            ],
            "time": "2026-04-10T16:19:22+00:00"
        },
        {
            "name": "twig/twig",
            "version": "v3.30.0",
            "source": {
                "type": "git",
                "url": "https://github.com/twigphp/Twig.git",
                "reference": "8c737079b726af72ff8ef3c595be9f6a810ea1ef"
            },
            "dist": {
                "type": "zip",
                "url": "https://api.github.com/repos/twigphp/Twig/zipball/8c737079b726af72ff8ef3c595be9f6a810ea1ef",
                "reference": "8c737079b726af72ff8ef3c595be9f6a810ea1ef",
                "shasum": ""
            },
            "require": {
                "php": ">=8.1.0",
                "symfony/deprecation-contracts": "^2.5|^3",
                "symfony/polyfill-ctype": "^1.8",
                "symfony/polyfill-mbstring": "^1.3"
            },
            "require-dev": {
                "php-cs-fixer/shim": "^3.0@stable",
                "phpstan/phpstan": "^2.0@stable",
                "psr/container": "^1.0|^2.0",
                "symfony/phpunit-bridge": "^5.4.9|^6.4|^7.0"
            },
            "type": "library",
            "autoload": {
                "files": [
                    "src/Resources/core.php",
                    "src/Resources/debug.php",
                    "src/Resources/escaper.php",
                    "src/Resources/string_loader.php"
                ],
                "psr-4": {
                    "Twig\\": "src/"
                }
            },
            "notification-url": "https://packagist.org/downloads/",
            "license": [
                "BSD-3-Clause"
            ],
            "authors": [
                {
                    "name": "Fabien Potencier",
                    "email": "fabien@symfony.com",
                    "homepage": "http://fabien.potencier.org",
                    "role": "Lead Developer"
                },
                {
                    "name": "Twig Team",
                    "role": "Contributors"
                },
                {
                    "name": "Armin Ronacher",
                    "email": "armin.ronacher@active-4.com",
                    "role": "Project Founder"
                }
            ],
            "description": "Twig, the flexible, fast, and secure template language for PHP",
            "homepage": "https://twig.symfony.com",
            "keywords": [
                "templating"
            ],
            "support": {
                "issues": "https://github.com/twigphp/Twig/issues",
                "source": "https://github.com/twigphp/Twig/tree/v3.30.0"
            },
            "funding": [
                {
                    "url": "https://github.com/fabpot",
                    "type": "github"
                },
                {
                    "url": "https://tidelift.com/funding/github/packagist/twig/twig",
                    "type": "tidelift"
                }
            ],
            "time": "2026-09-25T13:20:01+00:00"
        }
    ],
    "packages-dev": [],
    "aliases": [],
    "minimum-stability": "stable",
    "stability-flags": {
        "datagutten/amb-laptimes": 20
    },
    "prefer-stable": false,
    "prefer-lowest": false,
    "platform": {
        "php": ">=8.0",
        "ext-json": "*",
        "ext-pdo": "*"
    },
    "platform-dev": {},
    "plugin-api-version": "2.9.0"
}
